// !$*UTF8*$!
{
	archiveVersion = 1;
	classes = {
	};
	objectVersion = 50;
	objects = {

/* Begin PBXBuildFile section */
		E30D914226F9CD4D00CD4A5E /* AppDelegate.swift in Sources */ = {isa = PBXBuildFile; fileRef = E30D914126F9CD4D00CD4A5E /* AppDelegate.swift */; };
		E30D914426F9CD4D00CD4A5E /* SceneDelegate.swift in Sources */ = {isa = PBXBuildFile; fileRef = E30D914326F9CD4D00CD4A5E /* SceneDelegate.swift */; };
		E30D914626F9CD4D00CD4A5E /* Media selectionViewController.swift in Sources */ = {isa = PBXBuildFile; fileRef = E30D914526F9CD4D00CD4A5E /* Media selectionViewController.swift */; };
		E30D914926F9CD4D00CD4A5E /* Main.storyboard in Resources */ = {isa = PBXBuildFile; fileRef = E30D914726F9CD4D00CD4A5E /* Main.storyboard */; };
		E30D914C26F9CD4D00CD4A5E /* MobileGallary_CoreData.xcdatamodeld in Sources */ = {isa = PBXBuildFile; fileRef = E30D914A26F9CD4D00CD4A5E /* MobileGallary_CoreData.xcdatamodeld */; };
		E30D914E26F9CD5500CD4A5E /* Assets.xcassets in Resources */ = {isa = PBXBuildFile; fileRef = E30D914D26F9CD5500CD4A5E /* Assets.xcassets */; };
		E30D915126F9CD5500CD4A5E /* LaunchScreen.storyboard in Resources */ = {isa = PBXBuildFile; fileRef = E30D914F26F9CD5500CD4A5E /* LaunchScreen.storyboard */; };
		E30D915D26FB8E4E00CD4A5E /* HistoryViewController.swift in Sources */ = {isa = PBXBuildFile; fileRef = E30D915C26FB8E4E00CD4A5E /* HistoryViewController.swift */; };
		E30D916426FB9DA200CD4A5E /* PhotoCell.swift in Sources */ = {isa = PBXBuildFile; fileRef = E30D916226FB9DA200CD4A5E /* PhotoCell.swift */; };
		E30D916526FB9DA200CD4A5E /* PhotoCell.xib in Resources */ = {isa = PBXBuildFile; fileRef = E30D916326FB9DA200CD4A5E /* PhotoCell.xib */; };
		E30D916826FBF9F600CD4A5E /* HistoryCell.swift in Sources */ = {isa = PBXBuildFile; fileRef = E30D916726FBF9F600CD4A5E /* HistoryCell.swift */; };
		E30D917326FBFCE100CD4A5E /* DatabaseHelper.swift in Sources */ = {isa = PBXBuildFile; fileRef = E30D917226FBFCE100CD4A5E /* DatabaseHelper.swift */; };
		E30D917626FBFEBF00CD4A5E /* Media+CoreDataClass.swift in Sources */ = {isa = PBXBuildFile; fileRef = E30D917426FBFEBF00CD4A5E /* Media+CoreDataClass.swift */; };
		E30D917726FBFEBF00CD4A5E /* Media+CoreDataProperties.swift in Sources */ = {isa = PBXBuildFile; fileRef = E30D917526FBFEBF00CD4A5E /* Media+CoreDataProperties.swift */; };
		E30D917A26FBFED300CD4A5E /* CoreData.framework in Frameworks */ = {isa = PBXBuildFile; fileRef = E30D917926FBFED300CD4A5E /* CoreData.framework */; };
/* End PBXBuildFile section */

/* Begin PBXFileReference section */
		E30D913E26F9CD4D00CD4A5E /* MobileGallary_CoreData.app */ = {isa = PBXFileReference; explicitFileType = wrapper.application; includeInIndex = 0; path = MobileGallary_CoreData.app; sourceTree = BUILT_PRODUCTS_DIR; };
		E30D914126F9CD4D00CD4A5E /* AppDelegate.swift */ = {isa = PBXFileReference; lastKnownFileType = sourcecode.swift; path = AppDelegate.swift; sourceTree = "<group>"; };
		E30D914326F9CD4D00CD4A5E /* SceneDelegate.swift */ = {isa = PBXFileReference; lastKnownFileType = sourcecode.swift; path = SceneDelegate.swift; sourceTree = "<group>"; };
		E30D914526F9CD4D00CD4A5E /* Media selectionViewController.swift */ = {isa = PBXFileReference; lastKnownFileType = sourcecode.swift; path = "Media selectionViewController.swift"; sourceTree = "<group>"; };
		E30D914826F9CD4D00CD4A5E /* Base */ = {isa = PBXFileReference; lastKnownFileType = file.storyboard; name = Base; path = Base.lproj/Main.storyboard; sourceTree = "<group>"; };
		E30D914B26F9CD4D00CD4A5E /* MobileGallary_CoreData.xcdatamodel */ = {isa = PBXFileReference; lastKnownFileType = wrapper.xcdatamodel; path = MobileGallary_CoreData.xcdatamodel; sourceTree = "<group>"; };
		E30D914D26F9CD5500CD4A5E /* Assets.xcassets */ = {isa = PBXFileReference; lastKnownFileType = folder.assetcatalog; path = Assets.xcassets; sourceTree = "<group>"; };
		E30D915026F9CD5500CD4A5E /* Base */ = {isa = PBXFileReference; lastKnownFileType = file.storyboard; name = Base; path = Base.lproj/LaunchScreen.storyboard; sourceTree = "<group>"; };
		E30D915226F9CD5500CD4A5E /* Info.plist */ = {isa = PBXFileReference; lastKnownFileType = text.plist.xml; path = Info.plist; sourceTree = "<group>"; };
		E30D915C26FB8E4E00CD4A5E /* HistoryViewController.swift */ = {isa = PBXFileReference; lastKnownFileType = sourcecode.swift; path = HistoryViewController.swift; sourceTree = "<group>"; };
		E30D916226FB9DA200CD4A5E /* PhotoCell.swift */ = {isa = PBXFileReference; lastKnownFileType = sourcecode.swift; path = PhotoCell.swift; sourceTree = "<group>"; };
		E30D916326FB9DA200CD4A5E /* PhotoCell.xib */ = {isa = PBXFileReference; lastKnownFileType = file.xib; path = PhotoCell.xib; sourceTree = "<group>"; };
		E30D916726FBF9F600CD4A5E /* HistoryCell.swift */ = {isa = PBXFileReference; lastKnownFileType = sourcecode.swift; path = HistoryCell.swift; sourceTree = "<group>"; };
		E30D917226FBFCE100CD4A5E /* DatabaseHelper.swift */ = {isa = PBXFileReference; lastKnownFileType = sourcecode.swift; path = DatabaseHelper.swift; sourceTree = "<group>"; };
		E30D917426FBFEBF00CD4A5E /* Media+CoreDataClass.swift */ = {isa = PBXFileReference; lastKnownFileType = sourcecode.swift; path = "Media+CoreDataClass.swift"; sourceTree = "<group>"; };
		E30D917526FBFEBF00CD4A5E /* Media+CoreDataProperties.swift */ = {isa = PBXFileReference; lastKnownFileType = sourcecode.swift; path = "Media+CoreDataProperties.swift"; sourceTree = "<group>"; };
		E30D917926FBFED300CD4A5E /* CoreData.framework */ = {isa = PBXFileReference; lastKnownFileType = wrapper.framework; name = CoreData.framework; path = System/Library/Frameworks/CoreData.framework; sourceTree = SDKROOT; };
/* End PBXFileReference section */

/* Begin PBXFrameworksBuildPhase section */
		E30D913B26F9CD4D00CD4A5E /* Frameworks */ = {
			isa = PBXFrameworksBuildPhase;
			buildActionMask = 2147483647;
			files = (
				E30D917A26FBFED300CD4A5E /* CoreData.framework in Frameworks */,
			);
			runOnlyForDeploymentPostprocessing = 0;
		};
/* End PBXFrameworksBuildPhase section */

/* Begin PBXGroup section */
		E30D913526F9CD4D00CD4A5E = {
			isa = PBXGroup;
			children = (
				E30D914026F9CD4D00CD4A5E /* MobileGallary_CoreData */,
				E30D913F26F9CD4D00CD4A5E /* Products */,
				E30D917826FBFED300CD4A5E /* Frameworks */,
			);
			sourceTree = "<group>";
		};
		E30D913F26F9CD4D00CD4A5E /* Products */ = {
			isa = PBXGroup;
			children = (
				E30D913E26F9CD4D00CD4A5E /* MobileGallary_CoreData.app */,
			);
			name = Products;
			sourceTree = "<group>";
		};
		E30D914026F9CD4D00CD4A5E /* MobileGallary_CoreData */ = {
			isa = PBXGroup;
			children = (
				E30D916926FBFB9300CD4A5E /* CoreData */,
				E30D915826F9CD6000CD4A5E /* AppDelegate */,
				E30D915926FB8DC500CD4A5E /* Controller */,
				E30D915E26FB8E8500CD4A5E /* View */,
				E30D914D26F9CD5500CD4A5E /* Assets.xcassets */,
				E30D915226F9CD5500CD4A5E /* Info.plist */,
				E30D914A26F9CD4D00CD4A5E /* MobileGallary_CoreData.xcdatamodeld */,
			);
			path = MobileGallary_CoreData;
			sourceTree = "<group>";
		};
		E30D915826F9CD6000CD4A5E /* AppDelegate */ = {
			isa = PBXGroup;
			children = (
				E30D914126F9CD4D00CD4A5E /* AppDelegate.swift */,
				E30D914326F9CD4D00CD4A5E /* SceneDelegate.swift */,
			);
			path = AppDelegate;
			sourceTree = "<group>";
		};
		E30D915926FB8DC500CD4A5E /* Controller */ = {
			isa = PBXGroup;
			children = (
				E30D915A26FB8E1800CD4A5E /* MediaSelectionVC */,
				E30D915B26FB8E2A00CD4A5E /* HistoryVC */,
			);
			path = Controller;
			sourceTree = "<group>";
		};
		E30D915A26FB8E1800CD4A5E /* MediaSelectionVC */ = {
			isa = PBXGroup;
			children = (
				E30D914526F9CD4D00CD4A5E /* Media selectionViewController.swift */,
				E30D915F26FB9D1300CD4A5E /* CollectionViewCell */,
			);
			path = MediaSelectionVC;
			sourceTree = "<group>";
		};
		E30D915B26FB8E2A00CD4A5E /* HistoryVC */ = {
			isa = PBXGroup;
			children = (
				E30D915C26FB8E4E00CD4A5E /* HistoryViewController.swift */,
				E30D916626FBF9B900CD4A5E /* TableViewCell */,
			);
			path = HistoryVC;
			sourceTree = "<group>";
		};
		E30D915E26FB8E8500CD4A5E /* View */ = {
			isa = PBXGroup;
			children = (
				E30D914726F9CD4D00CD4A5E /* Main.storyboard */,
				E30D914F26F9CD5500CD4A5E /* LaunchScreen.storyboard */,
			);
			path = View;
			sourceTree = "<group>";
		};
		E30D915F26FB9D1300CD4A5E /* CollectionViewCell */ = {
			isa = PBXGroup;
			children = (
				E30D916226FB9DA200CD4A5E /* PhotoCell.swift */,
				E30D916326FB9DA200CD4A5E /* PhotoCell.xib */,
			);
			path = CollectionViewCell;
			sourceTree = "<group>";
		};
		E30D916626FBF9B900CD4A5E /* TableViewCell */ = {
			isa = PBXGroup;
			children = (
				E30D916726FBF9F600CD4A5E /* HistoryCell.swift */,
			);
			path = TableViewCell;
			sourceTree = "<group>";
		};
		E30D916926FBFB9300CD4A5E /* CoreData */ = {
			isa = PBXGroup;
			children = (
				E30D917526FBFEBF00CD4A5E /* Media+CoreDataProperties.swift */,
				E30D917426FBFEBF00CD4A5E /* Media+CoreDataClass.swift */,
				E30D917226FBFCE100CD4A5E /* DatabaseHelper.swift */,
			);
			path = CoreData;
			sourceTree = "<group>";
		};
		E30D917826FBFED300CD4A5E /* Frameworks */ = {
			isa = PBXGroup;
			children = (
				E30D917926FBFED300CD4A5E /* CoreData.framework */,
			);
			name = Frameworks;
			sourceTree = "<group>";
		};
/* End PBXGroup section */

/* Begin PBXNativeTarget section */
		E30D913D26F9CD4D00CD4A5E /* MobileGallary_CoreData */ = {
			isa = PBXNativeTarget;
			buildConfigurationList = E30D915526F9CD5500CD4A5E /* Build configuration list for PBXNativeTarget "MobileGallary_CoreData" */;
			buildPhases = (
				E30D913A26F9CD4D00CD4A5E /* Sources */,
				E30D913B26F9CD4D00CD4A5E /* Frameworks */,
				E30D913C26F9CD4D00CD4A5E /* Resources */,
			);
			buildRules = (
			);
			dependencies = (
			);
			name = MobileGallary_CoreData;
			productName = MobileGallary_CoreData;
			productReference = E30D913E26F9CD4D00CD4A5E /* MobileGallary_CoreData.app */;
			productType = "com.apple.product-type.application";
		};
/* End PBXNativeTarget section */

/* Begin PBXProject section */
		E30D913626F9CD4D00CD4A5E /* Project object */ = {
			isa = PBXProject;
			attributes = {
				LastSwiftUpdateCheck = 1250;
				LastUpgradeCheck = 1250;
				TargetAttributes = {
					E30D913D26F9CD4D00CD4A5E = {
						CreatedOnToolsVersion = 12.5.1;
					};
				};
			};
			buildConfigurationList = E30D913926F9CD4D00CD4A5E /* Build configuration list for PBXProject "MobileGallary_CoreData" */;
			compatibilityVersion = "Xcode 9.3";
			developmentRegion = en;
			hasScannedForEncodings = 0;
			knownRegions = (
				en,
				Base,
			);
			mainGroup = E30D913526F9CD4D00CD4A5E;
			productRefGroup = E30D913F26F9CD4D00CD4A5E /* Products */;
			projectDirPath = "";
			projectRoot = "";
			targets = (
				E30D913D26F9CD4D00CD4A5E /* MobileGallary_CoreData */,
			);
		};
/* End PBXProject section */

/* Begin PBXResourcesBuildPhase section */
		E30D913C26F9CD4D00CD4A5E /* Resources */ = {
			isa = PBXResourcesBuildPhase;
			buildActionMask = 2147483647;
			files = (
				E30D916526FB9DA200CD4A5E /* PhotoCell.xib in Resources */,
				E30D915126F9CD5500CD4A5E /* LaunchScreen.storyboard in Resources */,
				E30D914E26F9CD5500CD4A5E /* Assets.xcassets in Resources */,
				E30D914926F9CD4D00CD4A5E /* Main.storyboard in Resources */,
			);
			runOnlyForDeploymentPostprocessing = 0;
		};
/* End PBXResourcesBuildPhase section */

/* Begin PBXSourcesBuildPhase section */
		E30D913A26F9CD4D00CD4A5E /* Sources */ = {
			isa = PBXSourcesBuildPhase;
			buildActionMask = 2147483647;
			files = (
				E30D914626F9CD4D00CD4A5E /* Media selectionViewController.swift in Sources */,
				E30D916826FBF9F600CD4A5E /* HistoryCell.swift in Sources */,
				E30D914C26F9CD4D00CD4A5E /* MobileGallary_CoreData.xcdatamodeld in Sources */,
				E30D914226F9CD4D00CD4A5E /* AppDelegate.swift in Sources */,
				E30D915D26FB8E4E00CD4A5E /* HistoryViewController.swift in Sources */,
				E30D917326FBFCE100CD4A5E /* DatabaseHelper.swift in Sources */,
				E30D917726FBFEBF00CD4A5E /* Media+CoreDataProperties.swift in Sources */,
				E30D917626FBFEBF00CD4A5E /* Media+CoreDataClass.swift in Sources */,
				E30D916426FB9DA200CD4A5E /* PhotoCell.swift in Sources */,
				E30D914426F9CD4D00CD4A5E /* SceneDelegate.swift in Sources */,
			);
			runOnlyForDeploymentPostprocessing = 0;
		};
/* End PBXSourcesBuildPhase section */

/* Begin PBXVariantGroup section */
		E30D914726F9CD4D00CD4A5E /* Main.storyboard */ = {
			isa = PBXVariantGroup;
			children = (
				E30D914826F9CD4D00CD4A5E /* Base */,
			);
			name = Main.storyboard;
			sourceTree = "<group>";
		};
		E30D914F26F9CD5500CD4A5E /* LaunchScreen.storyboard */ = {
			isa = PBXVariantGroup;
			children = (
				E30D915026F9CD5500CD4A5E /* Base */,
			);
			name = LaunchScreen.storyboard;
			sourceTree = "<group>";
		};
/* End PBXVariantGroup section */

/* Begin XCBuildConfiguration section */
		E30D915326F9CD5500CD4A5E /* Debug */ = {
			isa = XCBuildConfiguration;
			buildSettings = {
				ALWAYS_SEARCH_USER_PATHS = NO;
				CLANG_ANALYZER_NONNULL = YES;
				CLANG_ANALYZER_NUMBER_OBJECT_CONVERSION = YES_AGGRESSIVE;
				CLANG_CXX_LANGUAGE_STANDARD = "gnu++14";
				CLANG_CXX_LIBRARY = "libc++";
				CLANG_ENABLE_MODULES = YES;
				CLANG_ENABLE_OBJC_ARC = YES;
				CLANG_ENABLE_OBJC_WEAK = YES;
				CLANG_WARN_BLOCK_CAPTURE_AUTORELEASING = YES;
				CLANG_WARN_BOOL_CONVERSION = YES;
				CLANG_WARN_COMMA = YES;
				CLANG_WARN_CONSTANT_CONVERSION = YES;
				CLANG_WARN_DEPRECATED_OBJC_IMPLEMENTATIONS = YES;
				CLANG_WARN_DIRECT_OBJC_ISA_USAGE = YES_ERROR;
				CLANG_WARN_DOCUMENTATION_COMMENTS = YES;
				CLANG_WARN_EMPTY_BODY = YES;
				CLANG_WARN_ENUM_CONVERSION = YES;
				CLANG_WARN_INFINITE_RECURSION = YES;
				CLANG_WARN_INT_CONVERSION = YES;
				CLANG_WARN_NON_LITERAL_NULL_CONVERSION = YES;
				CLANG_WARN_OBJC_IMPLICIT_RETAIN_SELF = YES;
				CLANG_WARN_OBJC_LITERAL_CONVERSION = YES;
				CLANG_WARN_OBJC_ROOT_CLASS = YES_ERROR;
				CLANG_WARN_QUOTED_INCLUDE_IN_FRAMEWORK_HEADER = YES;
				CLANG_WARN_RANGE_LOOP_ANALYSIS = YES;
				CLANG_WARN_STRICT_PROTOTYPES = YES;
				CLANG_WARN_SUSPICIOUS_MOVE = YES;
				CLANG_WARN_UNGUARDED_AVAILABILITY = YES_AGGRESSIVE;
				CLANG_WARN_UNREACHABLE_CODE = YES;
				CLANG_WARN__DUPLICATE_METHOD_MATCH = YES;
				COPY_PHASE_STRIP = NO;
				DEBUG_INFORMATION_FORMAT = dwarf;
				ENABLE_STRICT_OBJC_MSGSEND = YES;
				ENABLE_TESTABILITY = YES;
				GCC_C_LANGUAGE_STANDARD = gnu11;
				GCC_DYNAMIC_NO_PIC = NO;
				GCC_NO_COMMON_BLOCKS = YES;
				GCC_OPTIMIZATION_LEVEL = 0;
				GCC_PREPROCESSOR_DEFINITIONS = (
					"DEBUG=1",
					"$(inherited)",
				);
				GCC_WARN_64_TO_32_BIT_CONVERSION = YES;
				GCC_WARN_ABOUT_RETURN_TYPE = YES_ERROR;
				GCC_WARN_UNDECLARED_SELECTOR = YES;
				GCC_WARN_UNINITIALIZED_AUTOS = YES_AGGRESSIVE;
				GCC_WARN_UNUSED_FUNCTION = YES;
				GCC_WARN_UNUSED_VARIABLE = YES;
				IPHONEOS_DEPLOYMENT_TARGET = 14.5;
				MTL_ENABLE_DEBUG_INFO = INCLUDE_SOURCE;
				MTL_FAST_MATH = YES;
				ONLY_ACTIVE_ARCH = YES;
				SDKROOT = iphoneos;
				SWIFT_ACTIVE_COMPILATION_CONDITIONS = DEBUG;
				SWIFT_OPTIMIZATION_LEVEL = "-Onone";
			};
			name = Debug;
		};
		E30D915426F9CD5500CD4A5E /* Release */ = {
			isa = XCBuildConfiguration;
			buildSettings = {
				ALWAYS_SEARCH_USER_PATHS = NO;
				CLANG_ANALYZER_NONNULL = YES;
				CLANG_ANALYZER_NUMBER_OBJECT_CONVERSION = YES_AGGRESSIVE;
				CLANG_CXX_LANGUAGE_STANDARD = "gnu++14";
				CLANG_CXX_LIBRARY = "libc++";
				CLANG_ENABLE_MODULES = YES;
				CLANG_ENABLE_OBJC_ARC = YES;
				CLANG_ENABLE_OBJC_WEAK = YES;
				CLANG_WARN_BLOCK_CAPTURE_AUTORELEASING = YES;
				CLANG_WARN_BOOL_CONVERSION = YES;
				CLANG_WARN_COMMA = YES;
				CLANG_WARN_CONSTANT_CONVERSION = YES;
				CLANG_WARN_DEPRECATED_OBJC_IMPLEMENTATIONS = YES;
				CLANG_WARN_DIRECT_OBJC_ISA_USAGE = YES_ERROR;
				CLANG_WARN_DOCUMENTATION_COMMENTS = YES;
				CLANG_WARN_EMPTY_BODY = YES;
				CLANG_WARN_ENUM_CONVERSION = YES;
				CLANG_WARN_INFINITE_RECURSION = YES;
				CLANG_WARN_INT_CONVERSION = YES;
				CLANG_WARN_NON_LITERAL_NULL_CONVERSION = YES;
				CLANG_WARN_OBJC_IMPLICIT_RETAIN_SELF = YES;
				CLANG_WARN_OBJC_LITERAL_CONVERSION = YES;
				CLANG_WARN_OBJC_ROOT_CLASS = YES_ERROR;
				CLANG_WARN_QUOTED_INCLUDE_IN_FRAMEWORK_HEADER = YES;
				CLANG_WARN_RANGE_LOOP_ANALYSIS = YES;
				CLANG_WARN_STRICT_PROTOTYPES = YES;
				CLANG_WARN_SUSPICIOUS_MOVE = YES;
				CLANG_WARN_UNGUARDED_AVAILABILITY = YES_AGGRESSIVE;
				CLANG_WARN_UNREACHABLE_CODE = YES;
				CLANG_WARN__DUPLICATE_METHOD_MATCH = YES;
				COPY_PHASE_STRIP = NO;
				DEBUG_INFORMATION_FORMAT = "dwarf-with-dsym";
				ENABLE_NS_ASSERTIONS = NO;
				ENABLE_STRICT_OBJC_MSGSEND = YES;
				GCC_C_LANGUAGE_STANDARD = gnu11;
				GCC_NO_COMMON_BLOCKS = YES;
				GCC_WARN_64_TO_32_BIT_CONVERSION = YES;
				GCC_WARN_ABOUT_RETURN_TYPE = YES_ERROR;
				GCC_WARN_UNDECLARED_SELECTOR = YES;
				GCC_WARN_UNINITIALIZED_AUTOS = YES_AGGRESSIVE;
				GCC_WARN_UNUSED_FUNCTION = YES;
				GCC_WARN_UNUSED_VARIABLE = YES;
				IPHONEOS_DEPLOYMENT_TARGET = 14.5;
				MTL_ENABLE_DEBUG_INFO = NO;
				MTL_FAST_MATH = YES;
				SDKROOT = iphoneos;
				SWIFT_COMPILATION_MODE = wholemodule;
				SWIFT_OPTIMIZATION_LEVEL = "-O";
				VALIDATE_PRODUCT = YES;
			};
			name = Release;
		};
		E30D915626F9CD5500CD4A5E /* Debug */ = {
			isa = XCBuildConfiguration;
			buildSettings = {
				ASSETCATALOG_COMPILER_APPICON_NAME = AppIcon;
				ASSETCATALOG_COMPILER_GLOBAL_ACCENT_COLOR_NAME = AccentColor;
				CODE_SIGN_STYLE = Automatic;
				DEVELOPMENT_TEAM = KUP7XPTXW7;
				INFOPLIST_FILE = MobileGallary_CoreData/Info.plist;
				LD_RUNPATH_SEARCH_PATHS = (
					"$(inherited)",
					"@executable_path/Frameworks",
				);
				PRODUCT_BUNDLE_IDENTIFIER = "com.coredatademo.MobileGallary-CoreData";
				PRODUCT_NAME = "$(TARGET_NAME)";
				SWIFT_VERSION = 5.0;
				TARGETED_DEVICE_FAMILY = "1,2";
			};
			name = Debug;
		};
		E30D915726F9CD5500CD4A5E /* Release */ = {
			isa = XCBuildConfiguration;
			buildSettings = {
				ASSETCATALOG_COMPILER_APPICON_NAME = AppIcon;
				ASSETCATALOG_COMPILER_GLOBAL_ACCENT_COLOR_NAME = AccentColor;
				CODE_SIGN_STYLE = Automatic;
				DEVELOPMENT_TEAM = KUP7XPTXW7;
				INFOPLIST_FILE = MobileGallary_CoreData/Info.plist;
				LD_RUNPATH_SEARCH_PATHS = (
					"$(inherited)",
					"@executable_path/Frameworks",
				);
				PRODUCT_BUNDLE_IDENTIFIER = "com.coredatademo.MobileGallary-CoreData";
				PRODUCT_NAME = "$(TARGET_NAME)";
				SWIFT_VERSION = 5.0;
				TARGETED_DEVICE_FAMILY = "1,2";
			};
			name = Release;
		};
/* End XCBuildConfiguration section */

/* Begin XCConfigurationList section */
		E30D913926F9CD4D00CD4A5E /* Build configuration list for PBXProject "MobileGallary_CoreData" */ = {
			isa = XCConfigurationList;
			buildConfigurations = (
				E30D915326F9CD5500CD4A5E /* Debug */,
				E30D915426F9CD5500CD4A5E /* Release */,
			);
			defaultConfigurationIsVisible = 0;
			defaultConfigurationName = Release;
		};
		E30D915526F9CD5500CD4A5E /* Build configuration list for PBXNativeTarget "MobileGallary_CoreData" */ = {
			isa = XCConfigurationList;
			buildConfigurations = (
				E30D915626F9CD5500CD4A5E /* Debug */,
				E30D915726F9CD5500CD4A5E /* Release */,
			);
			defaultConfigurationIsVisible = 0;
			defaultConfigurationName = Release;
		};
/* End XCConfigurationList section */

/* Begin XCVersionGroup section */
		E30D914A26F9CD4D00CD4A5E /* MobileGallary_CoreData.xcdatamodeld */ = {
			isa = XCVersionGroup;
			children = (
				E30D914B26F9CD4D00CD4A5E /* MobileGallary_CoreData.xcdatamodel */,
			);
			currentVersion = E30D914B26F9CD4D00CD4A5E /* MobileGallary_CoreData.xcdatamodel */;
			path = MobileGallary_CoreData.xcdatamodeld;
			sourceTree = "<group>";
			versionGroupType = wrapper.xcdatamodel;
		};
/* End XCVersionGroup section */
	};
	rootObject = E30D913626F9CD4D00CD4A5E /* Project object */;
}
